
Microsoft Visual Studio Solution File, Format Version 10.00
# Visual Studio 2008
Project("{8BC9CEB8-8B4A-11D0-8D11-00A0C91BC942}") = "Challenger", "Challenger.vcproj", "{E570EDBD-7EE5-4695-97A7-387C21C4FD29}"
EndProject
Global
	GlobalSection(SolutionConfigurationPlatforms) = preSolution
		Debug|Win32 = Debug|Win32
		Release|Win32 = Release|Win32
	EndGlobalSection
	GlobalSection(ProjectConfigurationPlatforms) = postSolution
		{E570EDBD-7EE5-4695-97A7-387C21C4FD29}.Debug|Win32.ActiveCfg = Debug|Win32
		{E570EDBD-7EE5-4695-97A7-387C21C4FD29}.Debug|Win32.Build.0 = Debug|Win32
		{E570EDBD-7EE5-4695-97A7-387C21C4FD29}.Release|Win32.ActiveCfg = Release|Win32
		{E570EDBD-7EE5-4695-97A7-387C21C4FD29}.Release|Win32.Build.0 = Release|Win32
	EndGlobalSection
	GlobalSection(SolutionProperties) = preSolution
		HideSolutionNode = FALSE
	EndGlobalSection
EndGlobal
